
Microsoft Visual Studio Solution File, Format Version 12.00
# Visual Studio 15
VisualStudioVersion = 15.0.25807.0
MinimumVisualStudioVersion = 10.0.40219.1
Project("{FAE04EC0-301F-11D3-BF4B-00C04F79EFBC}") = "PassWatch", "PassWatch\PassWatch.csproj", "{556CDA8D-0F49-4BD8-925C-51B8E410DD9A}"
EndProject
Global
	GlobalSection(SolutionConfigurationPlatforms) = preSolution
		Debug|Any CPU = Debug|Any CPU
		Release|Any CPU = Release|Any CPU
	EndGlobalSection
	GlobalSection(ProjectConfigurationPlatforms) = postSolution
		{556CDA8D-0F49-4BD8-925C-51B8E410DD9A}.Debug|Any CPU.ActiveCfg = Debug|Any CPU
		{556CDA8D-0F49-4BD8-925C-51B8E410DD9A}.Debug|Any CPU.Build.0 = Debug|Any CPU
		{556CDA8D-0F49-4BD8-925C-51B8E410DD9A}.Release|Any CPU.ActiveCfg = Release|Any CPU
		{556CDA8D-0F49-4BD8-925C-51B8E410DD9A}.Release|Any CPU.Build.0 = Release|Any CPU
	EndGlobalSection
	GlobalSection(SolutionProperties) = preSolution
		HideSolutionNode = FALSE
	EndGlobalSection
EndGlobal
